
Microsoft Visual Studio Solution File, Format Version 12.00
# Visual Studio Version 16
VisualStudioVersion = 16.0.30114.105
MinimumVisualStudioVersion = 10.0.40219.1
Project("{FAE04EC0-301F-11D3-BF4B-00C04F79EFBC}") = "CSharp8", "CSharp8\CSharp8.csproj", "{2429A9CF-2126-47E7-8D76-276656B7A070}"
EndProject
Project("{FAE04EC0-301F-11D3-BF4B-00C04F79EFBC}") = "CSharp9", "CSharp9\CSharp9.csproj", "{C66C8803-A073-44F9-B902-337FFE0AFD22}"
EndProject
Project("{FAE04EC0-301F-11D3-BF4B-00C04F79EFBC}") = "SourceGenerator", "SourceGenerator\SourceGenerator.csproj", "{36309349-D181-4372-8687-B0EA365156A0}"
EndProject
Global
	GlobalSection(SolutionConfigurationPlatforms) = preSolution
		Debug|Any CPU = Debug|Any CPU
		Debug|x64 = Debug|x64
		Debug|x86 = Debug|x86
		Release|Any CPU = Release|Any CPU
		Release|x64 = Release|x64
		Release|x86 = Release|x86
	EndGlobalSection
	GlobalSection(SolutionProperties) = preSolution
		HideSolutionNode = FALSE
	EndGlobalSection
	GlobalSection(ProjectConfigurationPlatforms) = postSolution
		{2429A9CF-2126-47E7-8D76-276656B7A070}.Debug|Any CPU.ActiveCfg = Debug|Any CPU
		{2429A9CF-2126-47E7-8D76-276656B7A070}.Debug|Any CPU.Build.0 = Debug|Any CPU
		{2429A9CF-2126-47E7-8D76-276656B7A070}.Debug|x64.ActiveCfg = Debug|Any CPU
		{2429A9CF-2126-47E7-8D76-276656B7A070}.Debug|x64.Build.0 = Debug|Any CPU
		{2429A9CF-2126-47E7-8D76-276656B7A070}.Debug|x86.ActiveCfg = Debug|Any CPU
		{2429A9CF-2126-47E7-8D76-276656B7A070}.Debug|x86.Build.0 = Debug|Any CPU
		{2429A9CF-2126-47E7-8D76-276656B7A070}.Release|Any CPU.ActiveCfg = Release|Any CPU
		{2429A9CF-2126-47E7-8D76-276656B7A070}.Release|Any CPU.Build.0 = Release|Any CPU
		{2429A9CF-2126-47E7-8D76-276656B7A070}.Release|x64.ActiveCfg = Release|Any CPU
		{2429A9CF-2126-47E7-8D76-276656B7A070}.Release|x64.Build.0 = Release|Any CPU
		{2429A9CF-2126-47E7-8D76-276656B7A070}.Release|x86.ActiveCfg = Release|Any CPU
		{2429A9CF-2126-47E7-8D76-276656B7A070}.Release|x86.Build.0 = Release|Any CPU
		{C66C8803-A073-44F9-B902-337FFE0AFD22}.Debug|Any CPU.ActiveCfg = Debug|Any CPU
		{C66C8803-A073-44F9-B902-337FFE0AFD22}.Debug|Any CPU.Build.0 = Debug|Any CPU
		{C66C8803-A073-44F9-B902-337FFE0AFD22}.Debug|x64.ActiveCfg = Debug|Any CPU
		{C66C8803-A073-44F9-B902-337FFE0AFD22}.Debug|x64.Build.0 = Debug|Any CPU
		{C66C8803-A073-44F9-B902-337FFE0AFD22}.Debug|x86.ActiveCfg = Debug|Any CPU
		{C66C8803-A073-44F9-B902-337FFE0AFD22}.Debug|x86.Build.0 = Debug|Any CPU
		{C66C8803-A073-44F9-B902-337FFE0AFD22}.Release|Any CPU.ActiveCfg = Release|Any CPU
		{C66C8803-A073-44F9-B902-337FFE0AFD22}.Release|Any CPU.Build.0 = Release|Any CPU
		{C66C8803-A073-44F9-B902-337FFE0AFD22}.Release|x64.ActiveCfg = Release|Any CPU
		{C66C8803-A073-44F9-B902-337FFE0AFD22}.Release|x64.Build.0 = Release|Any CPU
		{C66C8803-A073-44F9-B902-337FFE0AFD22}.Release|x86.ActiveCfg = Release|Any CPU
		{C66C8803-A073-44F9-B902-337FFE0AFD22}.Release|x86.Build.0 = Release|Any CPU
		{36309349-D181-4372-8687-B0EA365156A0}.Debug|Any CPU.ActiveCfg = Debug|Any CPU
		{36309349-D181-4372-8687-B0EA365156A0}.Debug|Any CPU.Build.0 = Debug|Any CPU
		{36309349-D181-4372-8687-B0EA365156A0}.Debug|x64.ActiveCfg = Debug|Any CPU
		{36309349-D181-4372-8687-B0EA365156A0}.Debug|x64.Build.0 = Debug|Any CPU
		{36309349-D181-4372-8687-B0EA365156A0}.Debug|x86.ActiveCfg = Debug|Any CPU
		{36309349-D181-4372-8687-B0EA365156A0}.Debug|x86.Build.0 = Debug|Any CPU
		{36309349-D181-4372-8687-B0EA365156A0}.Release|Any CPU.ActiveCfg = Release|Any CPU
		{36309349-D181-4372-8687-B0EA365156A0}.Release|Any CPU.Build.0 = Release|Any CPU
		{36309349-D181-4372-8687-B0EA365156A0}.Release|x64.ActiveCfg = Release|Any CPU
		{36309349-D181-4372-8687-B0EA365156A0}.Release|x64.Build.0 = Release|Any CPU
		{36309349-D181-4372-8687-B0EA365156A0}.Release|x86.ActiveCfg = Release|Any CPU
		{36309349-D181-4372-8687-B0EA365156A0}.Release|x86.Build.0 = Release|Any CPU
	EndGlobalSection
EndGlobal
